// !$*UTF8*$!
{
	archiveVersion = 1;
	classes = {
	};
	objectVersion = 77;
	objects = {

/* Begin PBXContainerItemProxy section */
		444A157C2FAA585D00AB9131 /* PBXContainerItemProxy */ = {
			isa = PBXContainerItemProxy;
			containerPortal = 444A15662FAA585A00AB9131 /* Project object */;
			proxyType = 1;
			remoteGlobalIDString = 444A156D2FAA585A00AB9131;
			remoteInfo = CaptionTheater;
		};
		444A15862FAA585D00AB9131 /* PBXContainerItemProxy */ = {
			isa = PBXContainerItemProxy;
			containerPortal = 444A15662FAA585A00AB9131 /* Project object */;
			proxyType = 1;
			remoteGlobalIDString = 444A156D2FAA585A00AB9131;
			remoteInfo = CaptionTheater;
		};
/* End PBXContainerItemProxy section */

/* Begin PBXFileReference section */
		444A156E2FAA585A00AB9131 /* CaptionTheater.app */ = {isa = PBXFileReference; explicitFileType = wrapper.application; includeInIndex = 0; path = CaptionTheater.app; sourceTree = BUILT_PRODUCTS_DIR; };
		444A157B2FAA585D00AB9131 /* CaptionTheaterTests.xctest */ = {isa = PBXFileReference; explicitFileType = wrapper.cfbundle; includeInIndex = 0; path = CaptionTheaterTests.xctest; sourceTree = BUILT_PRODUCTS_DIR; };
		444A15852FAA585D00AB9131 /* CaptionTheaterUITests.xctest */ = {isa = PBXFileReference; explicitFileType = wrapper.cfbundle; includeInIndex = 0; path = CaptionTheaterUITests.xctest; sourceTree = BUILT_PRODUCTS_DIR; };
/* End PBXFileReference section */

/* Begin PBXFileSystemSynchronizedRootGroup section */
		444A15702FAA585A00AB9131 /* CaptionTheater */ = {
			isa = PBXFileSystemSynchronizedRootGroup;
			path = CaptionTheater;
			sourceTree = "<group>";
		};
		444A157E2FAA585D00AB9131 /* CaptionTheaterTests */ = {
			isa = PBXFileSystemSynchronizedRootGroup;
			path = CaptionTheaterTests;
			sourceTree = "<group>";
		};
		444A15882FAA585D00AB9131 /* CaptionTheaterUITests */ = {
			isa = PBXFileSystemSynchronizedRootGroup;
			path = CaptionTheaterUITests;
			sourceTree = "<group>";
		};
/* End PBXFileSystemSynchronizedRootGroup section */

/* Begin PBXFrameworksBuildPhase section */
		444A156B2FAA585A00AB9131 /* Frameworks */ = {
			isa = PBXFrameworksBuildPhase;
			buildActionMask = 2147483647;
			files = (
			);
			runOnlyForDeploymentPostprocessing = 0;
		};
		444A15782FAA585D00AB9131 /* Frameworks */ = {
			isa = PBXFrameworksBuildPhase;
			buildActionMask = 2147483647;
			files = (
			);
			runOnlyForDeploymentPostprocessing = 0;
		};
		444A15822FAA585D00AB9131 /* Frameworks */ = {
			isa = PBXFrameworksBuildPhase;
			buildActionMask = 2147483647;
			files = (
			);
			runOnlyForDeploymentPostprocessing = 0;
		};
/* End PBXFrameworksBuildPhase section */

/* Begin PBXGroup section */
		444A15652FAA585A00AB9131 = {
			isa = PBXGroup;
			children = (
				444A15702FAA585A00AB9131 /* CaptionTheater */,
				444A157E2FAA585D00AB9131 /* CaptionTheaterTests */,
				444A15882FAA585D00AB9131 /* CaptionTheaterUITests */,
				444A156F2FAA585A00AB9131 /* Products */,
			);
			sourceTree = "<group>";
		};
		444A156F2FAA585A00AB9131 /* Products */ = {
			isa = PBXGroup;
			children = (
				444A156E2FAA585A00AB9131 /* CaptionTheater.app */,
				444A157B2FAA585D00AB9131 /* CaptionTheaterTests.xctest */,
				444A15852FAA585D00AB9131 /* CaptionTheaterUITests.xctest */,
			);
			name = Products;
			sourceTree = "<group>";
		};
/* End PBXGroup section */

/* Begin PBXNativeTarget section */
		444A156D2FAA585A00AB9131 /* CaptionTheater */ = {
			isa = PBXNativeTarget;
			buildConfigurationList = 444A158F2FAA585D00AB9131 /* Build configuration list for PBXNativeTarget "CaptionTheater" */;
			buildPhases = (
				444A156A2FAA585A00AB9131 /* Sources */,
				444A156B2FAA585A00AB9131 /* Frameworks */,
				444A156C2FAA585A00AB9131 /* Resources */,
			);
			buildRules = (
			);
			dependencies = (
			);
			fileSystemSynchronizedGroups = (
				444A15702FAA585A00AB9131 /* CaptionTheater */,
			);
			name = CaptionTheater;
			packageProductDependencies = (
			);
			productName = CaptionTheater;
			productReference = 444A156E2FAA585A00AB9131 /* CaptionTheater.app */;
			productType = "com.apple.product-type.application";
		};
		444A157A2FAA585D00AB9131 /* CaptionTheaterTests */ = {
			isa = PBXNativeTarget;
			buildConfigurationList = 444A15922FAA585D00AB9131 /* Build configuration list for PBXNativeTarget "CaptionTheaterTests" */;
			buildPhases = (
				444A15772FAA585D00AB9131 /* Sources */,
				444A15782FAA585D00AB9131 /* Frameworks */,
				444A15792FAA585D00AB9131 /* Resources */,
			);
			buildRules = (
			);
			dependencies = (
				444A157D2FAA585D00AB9131 /* PBXTargetDependency */,
			);
			fileSystemSynchronizedGroups = (
				444A157E2FAA585D00AB9131 /* CaptionTheaterTests */,
			);
			name = CaptionTheaterTests;
			packageProductDependencies = (
			);
			productName = CaptionTheaterTests;
			productReference = 444A157B2FAA585D00AB9131 /* CaptionTheaterTests.xctest */;
			productType = "com.apple.product-type.bundle.unit-test";
		};
		444A15842FAA585D00AB9131 /* CaptionTheaterUITests */ = {
			isa = PBXNativeTarget;
			buildConfigurationList = 444A15952FAA585D00AB9131 /* Build configuration list for PBXNativeTarget "CaptionTheaterUITests" */;
			buildPhases = (
				444A15812FAA585D00AB9131 /* Sources */,
				444A15822FAA585D00AB9131 /* Frameworks */,
				444A15832FAA585D00AB9131 /* Resources */,
			);
			buildRules = (
			);
			dependencies = (
				444A15872FAA585D00AB9131 /* PBXTargetDependency */,
			);
			fileSystemSynchronizedGroups = (
				444A15882FAA585D00AB9131 /* CaptionTheaterUITests */,
			);
			name = CaptionTheaterUITests;
			packageProductDependencies = (
			);
			productName = CaptionTheaterUITests;
			productReference = 444A15852FAA585D00AB9131 /* CaptionTheaterUITests.xctest */;
			productType = "com.apple.product-type.bundle.ui-testing";
		};
/* End PBXNativeTarget section */

/* Begin PBXProject section */
		444A15662FAA585A00AB9131 /* Project object */ = {
			isa = PBXProject;
			attributes = {
				BuildIndependentTargetsInParallel = 1;
				LastSwiftUpdateCheck = 2640;
				LastUpgradeCheck = 2640;
				TargetAttributes = {
					444A156D2FAA585A00AB9131 = {
						CreatedOnToolsVersion = 26.4.1;
					};
					444A157A2FAA585D00AB9131 = {
						CreatedOnToolsVersion = 26.4.1;
						TestTargetID = 444A156D2FAA585A00AB9131;
					};
					444A15842FAA585D00AB9131 = {
						CreatedOnToolsVersion = 26.4.1;
						TestTargetID = 444A156D2FAA585A00AB9131;
					};
				};
			};
			buildConfigurationList = 444A15692FAA585A00AB9131 /* Build configuration list for PBXProject "CaptionTheater" */;
			developmentRegion = en;
			hasScannedForEncodings = 0;
			knownRegions = (
				en,
				Base,
			);
			mainGroup = 444A15652FAA585A00AB9131;
			minimizedProjectReferenceProxies = 1;
			preferredProjectObjectVersion = 77;
			productRefGroup = 444A156F2FAA585A00AB9131 /* Products */;
			projectDirPath = "";
			projectRoot = "";
			targets = (
				444A156D2FAA585A00AB9131 /* CaptionTheater */,
				444A157A2FAA585D00AB9131 /* CaptionTheaterTests */,
				444A15842FAA585D00AB9131 /* CaptionTheaterUITests */,
			);
		};
/* End PBXProject section */

/* Begin PBXResourcesBuildPhase section */
		444A156C2FAA585A00AB9131 /* Resources */ = {
			isa = PBXResourcesBuildPhase;
			buildActionMask = 2147483647;
			files = (
			);
			runOnlyForDeploymentPostprocessing = 0;
		};
		444A15792FAA585D00AB9131 /* Resources */ = {
			isa = PBXResourcesBuildPhase;
			buildActionMask = 2147483647;
			files = (
			);
			runOnlyForDeploymentPostprocessing = 0;
		};
		444A15832FAA585D00AB9131 /* Resources */ = {
			isa = PBXResourcesBuildPhase;
			buildActionMask = 2147483647;
			files = (
			);
			runOnlyForDeploymentPostprocessing = 0;
		};
/* End PBXResourcesBuildPhase section */

/* Begin PBXSourcesBuildPhase section */
		444A156A2FAA585A00AB9131 /* Sources */ = {
			isa = PBXSourcesBuildPhase;
			buildActionMask = 2147483647;
			files = (
			);
			runOnlyForDeploymentPostprocessing = 0;
		};
		444A15772FAA585D00AB9131 /* Sources */ = {
			isa = PBXSourcesBuildPhase;
			buildActionMask = 2147483647;
			files = (
			);
			runOnlyForDeploymentPostprocessing = 0;
		};
		444A15812FAA585D00AB9131 /* Sources */ = {
			isa = PBXSourcesBuildPhase;
			buildActionMask = 2147483647;
			files = (
			);
			runOnlyForDeploymentPostprocessing = 0;
		};
/* End PBXSourcesBuildPhase section */

/* Begin PBXTargetDependency section */
		444A157D2FAA585D00AB9131 /* PBXTargetDependency */ = {
			isa = PBXTargetDependency;
			target = 444A156D2FAA585A00AB9131 /* CaptionTheater */;
			targetProxy = 444A157C2FAA585D00AB9131 /* PBXContainerItemProxy */;
		};
		444A15872FAA585D00AB9131 /* PBXTargetDependency */ = {
			isa = PBXTargetDependency;
			target = 444A156D2FAA585A00AB9131 /* CaptionTheater */;
			targetProxy = 444A15862FAA585D00AB9131 /* PBXContainerItemProxy */;
		};
/* End PBXTargetDependency section */

/* Begin XCBuildConfiguration section */
		444A158D2FAA585D00AB9131 /* Debug */ = {
			isa = XCBuildConfiguration;
			buildSettings = {
				ALWAYS_SEARCH_USER_PATHS = NO;
				ASSETCATALOG_COMPILER_GENERATE_SWIFT_ASSET_SYMBOL_EXTENSIONS = YES;
				CLANG_ANALYZER_NONNULL = YES;
				CLANG_ANALYZER_NUMBER_OBJECT_CONVERSION = YES_AGGRESSIVE;
				CLANG_CXX_LANGUAGE_STANDARD = "gnu++20";
				CLANG_ENABLE_MODULES = YES;
				CLANG_ENABLE_OBJC_ARC = YES;
				CLANG_ENABLE_OBJC_WEAK = YES;
				CLANG_WARN_BLOCK_CAPTURE_AUTORELEASING = YES;
				CLANG_WARN_BOOL_CONVERSION = YES;
				CLANG_WARN_COMMA = YES;
				CLANG_WARN_CONSTANT_CONVERSION = YES;
				CLANG_WARN_DEPRECATED_OBJC_IMPLEMENTATIONS = YES;
				CLANG_WARN_DIRECT_OBJC_ISA_USAGE = YES_ERROR;
				CLANG_WARN_DOCUMENTATION_COMMENTS = YES;
				CLANG_WARN_EMPTY_BODY = YES;
				CLANG_WARN_ENUM_CONVERSION = YES;
				CLANG_WARN_INFINITE_RECURSION = YES;
				CLANG_WARN_INT_CONVERSION = YES;
				CLANG_WARN_NON_LITERAL_NULL_CONVERSION = YES;
				CLANG_WARN_OBJC_IMPLICIT_RETAIN_SELF = YES;
				CLANG_WARN_OBJC_LITERAL_CONVERSION = YES;
				CLANG_WARN_OBJC_ROOT_CLASS = YES_ERROR;
				CLANG_WARN_QUOTED_INCLUDE_IN_FRAMEWORK_HEADER = YES;
				CLANG_WARN_RANGE_LOOP_ANALYSIS = YES;
				CLANG_WARN_STRICT_PROTOTYPES = YES;
				CLANG_WARN_SUSPICIOUS_MOVE = YES;
				CLANG_WARN_UNGUARDED_AVAILABILITY = YES_AGGRESSIVE;
				CLANG_WARN_UNREACHABLE_CODE = YES;
				CLANG_WARN__DUPLICATE_METHOD_MATCH = YES;
				COPY_PHASE_STRIP = NO;
				DEBUG_INFORMATION_FORMAT = dwarf;
				DEVELOPMENT_TEAM = RWZ25NGH8K;
				ENABLE_STRICT_OBJC_MSGSEND = YES;
				ENABLE_TESTABILITY = YES;
				ENABLE_USER_SCRIPT_SANDBOXING = YES;
				GCC_C_LANGUAGE_STANDARD = gnu17;
				GCC_DYNAMIC_NO_PIC = NO;
				GCC_NO_COMMON_BLOCKS = YES;
				GCC_OPTIMIZATION_LEVEL = 0;
				GCC_PREPROCESSOR_DEFINITIONS = (
					"DEBUG=1",
					"$(inherited)",
				);
				GCC_WARN_64_TO_32_BIT_CONVERSION = YES;
				GCC_WARN_ABOUT_RETURN_TYPE = YES_ERROR;
				GCC_WARN_UNDECLARED_SELECTOR = YES;
				GCC_WARN_UNINITIALIZED_AUTOS = YES_AGGRESSIVE;
				GCC_WARN_UNUSED_FUNCTION = YES;
				GCC_WARN_UNUSED_VARIABLE = YES;
				LOCALIZATION_PREFERS_STRING_CATALOGS = YES;
				MTL_ENABLE_DEBUG_INFO = INCLUDE_SOURCE;
				MTL_FAST_MATH = YES;
				ONLY_ACTIVE_ARCH = YES;
				SDKROOT = appletvos;
				SWIFT_ACTIVE_COMPILATION_CONDITIONS = "DEBUG $(inherited)";
				SWIFT_OPTIMIZATION_LEVEL = "-Onone";
				TVOS_DEPLOYMENT_TARGET = 26.4;
			};
			name = Debug;
		};
		444A158E2FAA585D00AB9131 /* Release */ = {
			isa = XCBuildConfiguration;
			buildSettings = {
				ALWAYS_SEARCH_USER_PATHS = NO;
				ASSETCATALOG_COMPILER_GENERATE_SWIFT_ASSET_SYMBOL_EXTENSIONS = YES;
				CLANG_ANALYZER_NONNULL = YES;
				CLANG_ANALYZER_NUMBER_OBJECT_CONVERSION = YES_AGGRESSIVE;
				CLANG_CXX_LANGUAGE_STANDARD = "gnu++20";
				CLANG_ENABLE_MODULES = YES;
				CLANG_ENABLE_OBJC_ARC = YES;
				CLANG_ENABLE_OBJC_WEAK = YES;
				CLANG_WARN_BLOCK_CAPTURE_AUTORELEASING = YES;
				CLANG_WARN_BOOL_CONVERSION = YES;
				CLANG_WARN_COMMA = YES;
				CLANG_WARN_CONSTANT_CONVERSION = YES;
				CLANG_WARN_DEPRECATED_OBJC_IMPLEMENTATIONS = YES;
				CLANG_WARN_DIRECT_OBJC_ISA_USAGE = YES_ERROR;
				CLANG_WARN_DOCUMENTATION_COMMENTS = YES;
				CLANG_WARN_EMPTY_BODY = YES;
				CLANG_WARN_ENUM_CONVERSION = YES;
				CLANG_WARN_INFINITE_RECURSION = YES;
				CLANG_WARN_INT_CONVERSION = YES;
				CLANG_WARN_NON_LITERAL_NULL_CONVERSION = YES;
				CLANG_WARN_OBJC_IMPLICIT_RETAIN_SELF = YES;
				CLANG_WARN_OBJC_LITERAL_CONVERSION = YES;
				CLANG_WARN_OBJC_ROOT_CLASS = YES_ERROR;
				CLANG_WARN_QUOTED_INCLUDE_IN_FRAMEWORK_HEADER = YES;
				CLANG_WARN_RANGE_LOOP_ANALYSIS = YES;
				CLANG_WARN_STRICT_PROTOTYPES = YES;
				CLANG_WARN_SUSPICIOUS_MOVE = YES;
				CLANG_WARN_UNGUARDED_AVAILABILITY = YES_AGGRESSIVE;
				CLANG_WARN_UNREACHABLE_CODE = YES;
				CLANG_WARN__DUPLICATE_METHOD_MATCH = YES;
				COPY_PHASE_STRIP = NO;
				DEBUG_INFORMATION_FORMAT = "dwarf-with-dsym";
				DEVELOPMENT_TEAM = RWZ25NGH8K;
				ENABLE_NS_ASSERTIONS = NO;
				ENABLE_STRICT_OBJC_MSGSEND = YES;
				ENABLE_USER_SCRIPT_SANDBOXING = YES;
				GCC_C_LANGUAGE_STANDARD = gnu17;
				GCC_NO_COMMON_BLOCKS = YES;
				GCC_WARN_64_TO_32_BIT_CONVERSION = YES;
				GCC_WARN_ABOUT_RETURN_TYPE = YES_ERROR;
				GCC_WARN_UNDECLARED_SELECTOR = YES;
				GCC_WARN_UNINITIALIZED_AUTOS = YES_AGGRESSIVE;
				GCC_WARN_UNUSED_FUNCTION = YES;
				GCC_WARN_UNUSED_VARIABLE = YES;
				LOCALIZATION_PREFERS_STRING_CATALOGS = YES;
				MTL_ENABLE_DEBUG_INFO = NO;
				MTL_FAST_MATH = YES;
				SDKROOT = appletvos;
				SWIFT_COMPILATION_MODE = wholemodule;
				TVOS_DEPLOYMENT_TARGET = 26.4;
				VALIDATE_PRODUCT = YES;
			};
			name = Release;
		};
		444A15902FAA585D00AB9131 /* Debug */ = {
			isa = XCBuildConfiguration;
			buildSettings = {
				ASSETCATALOG_COMPILER_APPICON_NAME = "App Icon & Top Shelf Image";
				ASSETCATALOG_COMPILER_GLOBAL_ACCENT_COLOR_NAME = AccentColor;
				CODE_SIGN_STYLE = Automatic;
				CURRENT_PROJECT_VERSION = 1;
				DEVELOPMENT_TEAM = RWZ25NGH8K;
				ENABLE_PREVIEWS = YES;
				GENERATE_INFOPLIST_FILE = YES;
				INFOPLIST_KEY_UILaunchScreen_Generation = YES;
				INFOPLIST_KEY_UIUserInterfaceStyle = Automatic;
				LD_RUNPATH_SEARCH_PATHS = (
					"$(inherited)",
					"@executable_path/Frameworks",
				);
				MARKETING_VERSION = 1.0;
				PRODUCT_BUNDLE_IDENTIFIER = com.showblender.CaptionTheater;
				PRODUCT_NAME = "$(TARGET_NAME)";
				STRING_CATALOG_GENERATE_SYMBOLS = YES;
				SWIFT_APPROACHABLE_CONCURRENCY = YES;
				SWIFT_DEFAULT_ACTOR_ISOLATION = MainActor;
				SWIFT_EMIT_LOC_STRINGS = YES;
				SWIFT_UPCOMING_FEATURE_MEMBER_IMPORT_VISIBILITY = YES;
				SWIFT_VERSION = 5.0;
				TARGETED_DEVICE_FAMILY = 3;
			};
			name = Debug;
		};
		444A15912FAA585D00AB9131 /* Release */ = {
			isa = XCBuildConfiguration;
			buildSettings = {
				ASSETCATALOG_COMPILER_APPICON_NAME = "App Icon & Top Shelf Image";
				ASSETCATALOG_COMPILER_GLOBAL_ACCENT_COLOR_NAME = AccentColor;
				CODE_SIGN_STYLE = Automatic;
				CURRENT_PROJECT_VERSION = 1;
				DEVELOPMENT_TEAM = RWZ25NGH8K;
				ENABLE_PREVIEWS = YES;
				GENERATE_INFOPLIST_FILE = YES;
				INFOPLIST_KEY_UILaunchScreen_Generation = YES;
				INFOPLIST_KEY_UIUserInterfaceStyle = Automatic;
				LD_RUNPATH_SEARCH_PATHS = (
					"$(inherited)",
					"@executable_path/Frameworks",
				);
				MARKETING_VERSION = 1.0;
				PRODUCT_BUNDLE_IDENTIFIER = com.showblender.CaptionTheater;
				PRODUCT_NAME = "$(TARGET_NAME)";
				STRING_CATALOG_GENERATE_SYMBOLS = YES;
				SWIFT_APPROACHABLE_CONCURRENCY = YES;
				SWIFT_DEFAULT_ACTOR_ISOLATION = MainActor;
				SWIFT_EMIT_LOC_STRINGS = YES;
				SWIFT_UPCOMING_FEATURE_MEMBER_IMPORT_VISIBILITY = YES;
				SWIFT_VERSION = 5.0;
				TARGETED_DEVICE_FAMILY = 3;
			};
			name = Release;
		};
		444A15932FAA585D00AB9131 /* Debug */ = {
			isa = XCBuildConfiguration;
			buildSettings = {
				BUNDLE_LOADER = "$(TEST_HOST)";
				CODE_SIGN_STYLE = Automatic;
				CURRENT_PROJECT_VERSION = 1;
				DEVELOPMENT_TEAM = RWZ25NGH8K;
				GENERATE_INFOPLIST_FILE = YES;
				MARKETING_VERSION = 1.0;
				PRODUCT_BUNDLE_IDENTIFIER = com.showblender.CaptionTheaterTests;
				PRODUCT_NAME = "$(TARGET_NAME)";
				STRING_CATALOG_GENERATE_SYMBOLS = NO;
				SWIFT_APPROACHABLE_CONCURRENCY = YES;
				SWIFT_EMIT_LOC_STRINGS = NO;
				SWIFT_UPCOMING_FEATURE_MEMBER_IMPORT_VISIBILITY = YES;
				SWIFT_VERSION = 5.0;
				TARGETED_DEVICE_FAMILY = 3;
				TEST_HOST = "$(BUILT_PRODUCTS_DIR)/CaptionTheater.app/$(BUNDLE_EXECUTABLE_FOLDER_PATH)/CaptionTheater";
				TVOS_DEPLOYMENT_TARGET = 26.4;
			};
			name = Debug;
		};
		444A15942FAA585D00AB9131 /* Release */ = {
			isa = XCBuildConfiguration;
			buildSettings = {
				BUNDLE_LOADER = "$(TEST_HOST)";
				CODE_SIGN_STYLE = Automatic;
				CURRENT_PROJECT_VERSION = 1;
				DEVELOPMENT_TEAM = RWZ25NGH8K;
				GENERATE_INFOPLIST_FILE = YES;
				MARKETING_VERSION = 1.0;
				PRODUCT_BUNDLE_IDENTIFIER = com.showblender.CaptionTheaterTests;
				PRODUCT_NAME = "$(TARGET_NAME)";
				STRING_CATALOG_GENERATE_SYMBOLS = NO;
				SWIFT_APPROACHABLE_CONCURRENCY = YES;
				SWIFT_EMIT_LOC_STRINGS = NO;
				SWIFT_UPCOMING_FEATURE_MEMBER_IMPORT_VISIBILITY = YES;
				SWIFT_VERSION = 5.0;
				TARGETED_DEVICE_FAMILY = 3;
				TEST_HOST = "$(BUILT_PRODUCTS_DIR)/CaptionTheater.app/$(BUNDLE_EXECUTABLE_FOLDER_PATH)/CaptionTheater";
				TVOS_DEPLOYMENT_TARGET = 26.4;
			};
			name = Release;
		};
		444A15962FAA585D00AB9131 /* Debug */ = {
			isa = XCBuildConfiguration;
			buildSettings = {
				CODE_SIGN_STYLE = Automatic;
				CURRENT_PROJECT_VERSION = 1;
				DEVELOPMENT_TEAM = RWZ25NGH8K;
				GENERATE_INFOPLIST_FILE = YES;
				MARKETING_VERSION = 1.0;
				PRODUCT_BUNDLE_IDENTIFIER = com.showblender.CaptionTheaterUITests;
				PRODUCT_NAME = "$(TARGET_NAME)";
				STRING_CATALOG_GENERATE_SYMBOLS = NO;
				SWIFT_APPROACHABLE_CONCURRENCY = YES;
				SWIFT_EMIT_LOC_STRINGS = NO;
				SWIFT_UPCOMING_FEATURE_MEMBER_IMPORT_VISIBILITY = YES;
				SWIFT_VERSION = 5.0;
				TARGETED_DEVICE_FAMILY = 3;
				TEST_TARGET_NAME = CaptionTheater;
			};
			name = Debug;
		};
		444A15972FAA585D00AB9131 /* Release */ = {
			isa = XCBuildConfiguration;
			buildSettings = {
				CODE_SIGN_STYLE = Automatic;
				CURRENT_PROJECT_VERSION = 1;
				DEVELOPMENT_TEAM = RWZ25NGH8K;
				GENERATE_INFOPLIST_FILE = YES;
				MARKETING_VERSION = 1.0;
				PRODUCT_BUNDLE_IDENTIFIER = com.showblender.CaptionTheaterUITests;
				PRODUCT_NAME = "$(TARGET_NAME)";
				STRING_CATALOG_GENERATE_SYMBOLS = NO;
				SWIFT_APPROACHABLE_CONCURRENCY = YES;
				SWIFT_EMIT_LOC_STRINGS = NO;
				SWIFT_UPCOMING_FEATURE_MEMBER_IMPORT_VISIBILITY = YES;
				SWIFT_VERSION = 5.0;
				TARGETED_DEVICE_FAMILY = 3;
				TEST_TARGET_NAME = CaptionTheater;
			};
			name = Release;
		};
/* End XCBuildConfiguration section */

/* Begin XCConfigurationList section */
		444A15692FAA585A00AB9131 /* Build configuration list for PBXProject "CaptionTheater" */ = {
			isa = XCConfigurationList;
			buildConfigurations = (
				444A158D2FAA585D00AB9131 /* Debug */,
				444A158E2FAA585D00AB9131 /* Release */,
			);
			defaultConfigurationIsVisible = 0;
			defaultConfigurationName = Release;
		};
		444A158F2FAA585D00AB9131 /* Build configuration list for PBXNativeTarget "CaptionTheater" */ = {
			isa = XCConfigurationList;
			buildConfigurations = (
				444A15902FAA585D00AB9131 /* Debug */,
				444A15912FAA585D00AB9131 /* Release */,
			);
			defaultConfigurationIsVisible = 0;
			defaultConfigurationName = Release;
		};
		444A15922FAA585D00AB9131 /* Build configuration list for PBXNativeTarget "CaptionTheaterTests" */ = {
			isa = XCConfigurationList;
			buildConfigurations = (
				444A15932FAA585D00AB9131 /* Debug */,
				444A15942FAA585D00AB9131 /* Release */,
			);
			defaultConfigurationIsVisible = 0;
			defaultConfigurationName = Release;
		};
		444A15952FAA585D00AB9131 /* Build configuration list for PBXNativeTarget "CaptionTheaterUITests" */ = {
			isa = XCConfigurationList;
			buildConfigurations = (
				444A15962FAA585D00AB9131 /* Debug */,
				444A15972FAA585D00AB9131 /* Release */,
			);
			defaultConfigurationIsVisible = 0;
			defaultConfigurationName = Release;
		};
/* End XCConfigurationList section */
	};
	rootObject = 444A15662FAA585A00AB9131 /* Project object */;
}
